
Microsoft Visual Studio Solution File, Format Version 12.00
# Visual Studio Version 16
VisualStudioVersion = 16.0.29209.62
MinimumVisualStudioVersion = 10.0.40219.1
Project("{8BC9CEB8-8B4A-11D0-8D11-00A0C91BC942}") = "Practica 1- Calabozo", "Practica 1- Calabozo.vcxproj", "{064738FA-9302-42B1-B392-37FBA6DBAA00}"
EndProject
Global
	GlobalSection(SolutionConfigurationPlatforms) = preSolution
		Debug|x64 = Debug|x64
		Debug|x86 = Debug|x86
		Release|x64 = Release|x64
		Release|x86 = Release|x86
	EndGlobalSection
	GlobalSection(ProjectConfigurationPlatforms) = postSolution
		{064738FA-9302-42B1-B392-37FBA6DBAA00}.Debug|x64.ActiveCfg = Debug|x64
		{064738FA-9302-42B1-B392-37FBA6DBAA00}.Debug|x64.Build.0 = Debug|x64
		{064738FA-9302-42B1-B392-37FBA6DBAA00}.Debug|x86.ActiveCfg = Debug|Win32
		{064738FA-9302-42B1-B392-37FBA6DBAA00}.Debug|x86.Build.0 = Debug|Win32
		{064738FA-9302-42B1-B392-37FBA6DBAA00}.Release|x64.ActiveCfg = Release|x64
		{064738FA-9302-42B1-B392-37FBA6DBAA00}.Release|x64.Build.0 = Release|x64
		{064738FA-9302-42B1-B392-37FBA6DBAA00}.Release|x86.ActiveCfg = Release|Win32
		{064738FA-9302-42B1-B392-37FBA6DBAA00}.Release|x86.Build.0 = Release|Win32
	EndGlobalSection
	GlobalSection(SolutionProperties) = preSolution
		HideSolutionNode = FALSE
	EndGlobalSection
	GlobalSection(ExtensibilityGlobals) = postSolution
		SolutionGuid = {00C84FA0-47F2-46C9-9AEA-4B3442E2F006}
	EndGlobalSection
EndGlobal
